// !$*UTF8*$!
{
	archiveVersion = 1;
	classes = {
	};
	objectVersion = 56;
	objects = {

/* Begin PBXBuildFile section */
		4E8C72312BE371DC0076B8DE /* CharacterRowView.swift in Sources */ = {isa = PBXBuildFile; fileRef = 4E8C72302BE371DC0076B8DE /* CharacterRowView.swift */; };
		4E8C72352BE3744E0076B8DE /* AllCharacters.json in Resources */ = {isa = PBXBuildFile; fileRef = 4E8C72342BE3744E0076B8DE /* AllCharacters.json */; };
		4E8C72372BE374A90076B8DE /* DummyCharactersLoader.swift in Sources */ = {isa = PBXBuildFile; fileRef = 4E8C72362BE374A90076B8DE /* DummyCharactersLoader.swift */; };
		4E8C723A2BE37FAA0076B8DE /* EpisodeListView.swift in Sources */ = {isa = PBXBuildFile; fileRef = 4E8C72392BE37FAA0076B8DE /* EpisodeListView.swift */; };
		4EDE4F6F2BDA84ED002F7671 /* RickAndMortyApp.swift in Sources */ = {isa = PBXBuildFile; fileRef = 4EDE4F6E2BDA84ED002F7671 /* RickAndMortyApp.swift */; };
		4EDE4F712BDA84ED002F7671 /* ContentView.swift in Sources */ = {isa = PBXBuildFile; fileRef = 4EDE4F702BDA84ED002F7671 /* ContentView.swift */; };
		4EDE4F732BDA84EE002F7671 /* Assets.xcassets in Resources */ = {isa = PBXBuildFile; fileRef = 4EDE4F722BDA84EE002F7671 /* Assets.xcassets */; };
		4EDE4F762BDA84EE002F7671 /* Preview Assets.xcassets in Resources */ = {isa = PBXBuildFile; fileRef = 4EDE4F752BDA84EE002F7671 /* Preview Assets.xcassets */; };
		4EDE4F802BDA84EE002F7671 /* RickAndMortyTests.swift in Sources */ = {isa = PBXBuildFile; fileRef = 4EDE4F7F2BDA84EE002F7671 /* RickAndMortyTests.swift */; };
		4EDE4F8A2BDA84EE002F7671 /* RickAndMortyUITests.swift in Sources */ = {isa = PBXBuildFile; fileRef = 4EDE4F892BDA84EE002F7671 /* RickAndMortyUITests.swift */; };
		4EDE4F8C2BDA84EE002F7671 /* RickAndMortyUITestsLaunchTests.swift in Sources */ = {isa = PBXBuildFile; fileRef = 4EDE4F8B2BDA84EE002F7671 /* RickAndMortyUITestsLaunchTests.swift */; };
		4EDE4F9D2BDA882C002F7671 /* NetworkService.swift in Sources */ = {isa = PBXBuildFile; fileRef = 4EDE4F9C2BDA882C002F7671 /* NetworkService.swift */; };
		4EDE4F9F2BDA883D002F7671 /* Endpoint.swift in Sources */ = {isa = PBXBuildFile; fileRef = 4EDE4F9E2BDA883D002F7671 /* Endpoint.swift */; };
		4EDE4FA22BDA8D6A002F7671 /* RickAndMortyNetworkClient.swift in Sources */ = {isa = PBXBuildFile; fileRef = 4EDE4FA12BDA8D6A002F7671 /* RickAndMortyNetworkClient.swift */; };
		4EDE4FA62BDA8ED9002F7671 /* CharactersEndpoint.swift in Sources */ = {isa = PBXBuildFile; fileRef = 4EDE4FA52BDA8ED9002F7671 /* CharactersEndpoint.swift */; };
		4EDE4FA82BDA8F28002F7671 /* RickAndMortyEndpoint.swift in Sources */ = {isa = PBXBuildFile; fileRef = 4EDE4FA72BDA8F28002F7671 /* RickAndMortyEndpoint.swift */; };
		4EDE4FAA2BDA9764002F7671 /* Characters.swift in Sources */ = {isa = PBXBuildFile; fileRef = 4EDE4FA92BDA9764002F7671 /* Characters.swift */; };
		4EDE4FAE2BDA9946002F7671 /* CharacterListView.swift in Sources */ = {isa = PBXBuildFile; fileRef = 4EDE4FAD2BDA9946002F7671 /* CharacterListView.swift */; };
/* End PBXBuildFile section */

/* Begin PBXContainerItemProxy section */
		4EDE4F7C2BDA84EE002F7671 /* PBXContainerItemProxy */ = {
			isa = PBXContainerItemProxy;
			containerPortal = 4EDE4F632BDA84ED002F7671 /* Project object */;
			proxyType = 1;
			remoteGlobalIDString = 4EDE4F6A2BDA84ED002F7671;
			remoteInfo = RickAndMorty;
		};
		4EDE4F862BDA84EE002F7671 /* PBXContainerItemProxy */ = {
			isa = PBXContainerItemProxy;
			containerPortal = 4EDE4F632BDA84ED002F7671 /* Project object */;
			proxyType = 1;
			remoteGlobalIDString = 4EDE4F6A2BDA84ED002F7671;
			remoteInfo = RickAndMorty;
		};
/* End PBXContainerItemProxy section */

/* Begin PBXFileReference section */
		4E8C72302BE371DC0076B8DE /* CharacterRowView.swift */ = {isa = PBXFileReference; lastKnownFileType = sourcecode.swift; path = CharacterRowView.swift; sourceTree = "<group>"; };
		4E8C72342BE3744E0076B8DE /* AllCharacters.json */ = {isa = PBXFileReference; lastKnownFileType = text.json; path = AllCharacters.json; sourceTree = "<group>"; };
		4E8C72362BE374A90076B8DE /* DummyCharactersLoader.swift */ = {isa = PBXFileReference; lastKnownFileType = sourcecode.swift; path = DummyCharactersLoader.swift; sourceTree = "<group>"; };
		4E8C72392BE37FAA0076B8DE /* EpisodeListView.swift */ = {isa = PBXFileReference; lastKnownFileType = sourcecode.swift; path = EpisodeListView.swift; sourceTree = "<group>"; };
		4EDE4F6B2BDA84ED002F7671 /* RickAndMorty.app */ = {isa = PBXFileReference; explicitFileType = wrapper.application; includeInIndex = 0; path = RickAndMorty.app; sourceTree = BUILT_PRODUCTS_DIR; };
		4EDE4F6E2BDA84ED002F7671 /* RickAndMortyApp.swift */ = {isa = PBXFileReference; lastKnownFileType = sourcecode.swift; path = RickAndMortyApp.swift; sourceTree = "<group>"; };
		4EDE4F702BDA84ED002F7671 /* ContentView.swift */ = {isa = PBXFileReference; lastKnownFileType = sourcecode.swift; path = ContentView.swift; sourceTree = "<group>"; };
		4EDE4F722BDA84EE002F7671 /* Assets.xcassets */ = {isa = PBXFileReference; lastKnownFileType = folder.assetcatalog; path = Assets.xcassets; sourceTree = "<group>"; };
		4EDE4F752BDA84EE002F7671 /* Preview Assets.xcassets */ = {isa = PBXFileReference; lastKnownFileType = folder.assetcatalog; path = "Preview Assets.xcassets"; sourceTree = "<group>"; };
		4EDE4F7B2BDA84EE002F7671 /* RickAndMortyTests.xctest */ = {isa = PBXFileReference; explicitFileType = wrapper.cfbundle; includeInIndex = 0; path = RickAndMortyTests.xctest; sourceTree = BUILT_PRODUCTS_DIR; };
		4EDE4F7F2BDA84EE002F7671 /* RickAndMortyTests.swift */ = {isa = PBXFileReference; lastKnownFileType = sourcecode.swift; path = RickAndMortyTests.swift; sourceTree = "<group>"; };
		4EDE4F852BDA84EE002F7671 /* RickAndMortyUITests.xctest */ = {isa = PBXFileReference; explicitFileType = wrapper.cfbundle; includeInIndex = 0; path = RickAndMortyUITests.xctest; sourceTree = BUILT_PRODUCTS_DIR; };
		4EDE4F892BDA84EE002F7671 /* RickAndMortyUITests.swift */ = {isa = PBXFileReference; lastKnownFileType = sourcecode.swift; path = RickAndMortyUITests.swift; sourceTree = "<group>"; };
		4EDE4F8B2BDA84EE002F7671 /* RickAndMortyUITestsLaunchTests.swift */ = {isa = PBXFileReference; lastKnownFileType = sourcecode.swift; path = RickAndMortyUITestsLaunchTests.swift; sourceTree = "<group>"; };
		4EDE4F9C2BDA882C002F7671 /* NetworkService.swift */ = {isa = PBXFileReference; lastKnownFileType = sourcecode.swift; path = NetworkService.swift; sourceTree = "<group>"; };
		4EDE4F9E2BDA883D002F7671 /* Endpoint.swift */ = {isa = PBXFileReference; fileEncoding = 4; lastKnownFileType = sourcecode.swift; path = Endpoint.swift; sourceTree = "<group>"; };
		4EDE4FA12BDA8D6A002F7671 /* RickAndMortyNetworkClient.swift */ = {isa = PBXFileReference; lastKnownFileType = sourcecode.swift; path = RickAndMortyNetworkClient.swift; sourceTree = "<group>"; };
		4EDE4FA52BDA8ED9002F7671 /* CharactersEndpoint.swift */ = {isa = PBXFileReference; lastKnownFileType = sourcecode.swift; path = CharactersEndpoint.swift; sourceTree = "<group>"; };
		4EDE4FA72BDA8F28002F7671 /* RickAndMortyEndpoint.swift */ = {isa = PBXFileReference; lastKnownFileType = sourcecode.swift; path = RickAndMortyEndpoint.swift; sourceTree = "<group>"; };
		4EDE4FA92BDA9764002F7671 /* Characters.swift */ = {isa = PBXFileReference; lastKnownFileType = sourcecode.swift; path = Characters.swift; sourceTree = "<group>"; };
		4EDE4FAD2BDA9946002F7671 /* CharacterListView.swift */ = {isa = PBXFileReference; lastKnownFileType = sourcecode.swift; path = CharacterListView.swift; sourceTree = "<group>"; };
/* End PBXFileReference section */

/* Begin PBXFrameworksBuildPhase section */
		4EDE4F682BDA84ED002F7671 /* Frameworks */ = {
			isa = PBXFrameworksBuildPhase;
			buildActionMask = 2147483647;
			files = (
			);
			runOnlyForDeploymentPostprocessing = 0;
		};
		4EDE4F782BDA84EE002F7671 /* Frameworks */ = {
			isa = PBXFrameworksBuildPhase;
			buildActionMask = 2147483647;
			files = (
			);
			runOnlyForDeploymentPostprocessing = 0;
		};
		4EDE4F822BDA84EE002F7671 /* Frameworks */ = {
			isa = PBXFrameworksBuildPhase;
			buildActionMask = 2147483647;
			files = (
			);
			runOnlyForDeploymentPostprocessing = 0;
		};
/* End PBXFrameworksBuildPhase section */

/* Begin PBXGroup section */
		4E8C72322BE374130076B8DE /* Utils */ = {
			isa = PBXGroup;
			children = (
				4E8C72362BE374A90076B8DE /* DummyCharactersLoader.swift */,
			);
			path = Utils;
			sourceTree = "<group>";
		};
		4E8C72332BE374180076B8DE /* Resources */ = {
			isa = PBXGroup;
			children = (
				4E8C72342BE3744E0076B8DE /* AllCharacters.json */,
			);
			path = Resources;
			sourceTree = "<group>";
		};
		4E8C72382BE37B540076B8DE /* Episodes */ = {
			isa = PBXGroup;
			children = (
				4E8C72392BE37FAA0076B8DE /* EpisodeListView.swift */,
			);
			path = Episodes;
			sourceTree = "<group>";
		};
		4EDE4F622BDA84ED002F7671 = {
			isa = PBXGroup;
			children = (
				4EDE4F6D2BDA84ED002F7671 /* RickAndMorty */,
				4EDE4F7E2BDA84EE002F7671 /* RickAndMortyTests */,
				4EDE4F882BDA84EE002F7671 /* RickAndMortyUITests */,
				4EDE4F6C2BDA84ED002F7671 /* Products */,
			);
			sourceTree = "<group>";
		};
		4EDE4F6C2BDA84ED002F7671 /* Products */ = {
			isa = PBXGroup;
			children = (
				4EDE4F6B2BDA84ED002F7671 /* RickAndMorty.app */,
				4EDE4F7B2BDA84EE002F7671 /* RickAndMortyTests.xctest */,
				4EDE4F852BDA84EE002F7671 /* RickAndMortyUITests.xctest */,
			);
			name = Products;
			sourceTree = "<group>";
		};
		4EDE4F6D2BDA84ED002F7671 /* RickAndMorty */ = {
			isa = PBXGroup;
			children = (
				4EDE4F6E2BDA84ED002F7671 /* RickAndMortyApp.swift */,
				4EDE4FAB2BDA9924002F7671 /* Views */,
				4EDE4F992BDA84FA002F7671 /* Network */,
				4EDE4F982BDA84F5002F7671 /* Model */,
				4E8C72322BE374130076B8DE /* Utils */,
				4E8C72332BE374180076B8DE /* Resources */,
				4EDE4F722BDA84EE002F7671 /* Assets.xcassets */,
				4EDE4F742BDA84EE002F7671 /* Preview Content */,
			);
			path = RickAndMorty;
			sourceTree = "<group>";
		};
		4EDE4F742BDA84EE002F7671 /* Preview Content */ = {
			isa = PBXGroup;
			children = (
				4EDE4F752BDA84EE002F7671 /* Preview Assets.xcassets */,
			);
			path = "Preview Content";
			sourceTree = "<group>";
		};
		4EDE4F7E2BDA84EE002F7671 /* RickAndMortyTests */ = {
			isa = PBXGroup;
			children = (
				4EDE4F7F2BDA84EE002F7671 /* RickAndMortyTests.swift */,
			);
			path = RickAndMortyTests;
			sourceTree = "<group>";
		};
		4EDE4F882BDA84EE002F7671 /* RickAndMortyUITests */ = {
			isa = PBXGroup;
			children = (
				4EDE4F892BDA84EE002F7671 /* RickAndMortyUITests.swift */,
				4EDE4F8B2BDA84EE002F7671 /* RickAndMortyUITestsLaunchTests.swift */,
			);
			path = RickAndMortyUITests;
			sourceTree = "<group>";
		};
		4EDE4F982BDA84F5002F7671 /* Model */ = {
			isa = PBXGroup;
			children = (
				4EDE4FA92BDA9764002F7671 /* Characters.swift */,
			);
			path = Model;
			sourceTree = "<group>";
		};
		4EDE4F992BDA84FA002F7671 /* Network */ = {
			isa = PBXGroup;
			children = (
				4EDE4F9B2BDA8509002F7671 /* Service */,
				4EDE4F9A2BDA8504002F7671 /* Client */,
			);
			path = Network;
			sourceTree = "<group>";
		};
		4EDE4F9A2BDA8504002F7671 /* Client */ = {
			isa = PBXGroup;
			children = (
				4EDE4FA32BDA8EA0002F7671 /* Model */,
				4EDE4FA12BDA8D6A002F7671 /* RickAndMortyNetworkClient.swift */,
			);
			path = Client;
			sourceTree = "<group>";
		};
		4EDE4F9B2BDA8509002F7671 /* Service */ = {
			isa = PBXGroup;
			children = (
				4EDE4FA02BDA8854002F7671 /* Model */,
				4EDE4F9C2BDA882C002F7671 /* NetworkService.swift */,
			);
			path = Service;
			sourceTree = "<group>";
		};
		4EDE4FA02BDA8854002F7671 /* Model */ = {
			isa = PBXGroup;
			children = (
				4EDE4F9E2BDA883D002F7671 /* Endpoint.swift */,
			);
			path = Model;
			sourceTree = "<group>";
		};
		4EDE4FA32BDA8EA0002F7671 /* Model */ = {
			isa = PBXGroup;
			children = (
				4EDE4FA42BDA8EA3002F7671 /* Endpoints */,
				4EDE4FA72BDA8F28002F7671 /* RickAndMortyEndpoint.swift */,
			);
			path = Model;
			sourceTree = "<group>";
		};
		4EDE4FA42BDA8EA3002F7671 /* Endpoints */ = {
			isa = PBXGroup;
			children = (
				4EDE4FA52BDA8ED9002F7671 /* CharactersEndpoint.swift */,
			);
			path = Endpoints;
			sourceTree = "<group>";
		};
		4EDE4FAB2BDA9924002F7671 /* Views */ = {
			isa = PBXGroup;
			children = (
				4EDE4F702BDA84ED002F7671 /* ContentView.swift */,
				4EDE4FAC2BDA992B002F7671 /* Characters */,
				4E8C72382BE37B540076B8DE /* Episodes */,
			);
			path = Views;
			sourceTree = "<group>";
		};
		4EDE4FAC2BDA992B002F7671 /* Characters */ = {
			isa = PBXGroup;
			children = (
				4EDE4FAD2BDA9946002F7671 /* CharacterListView.swift */,
				4E8C72302BE371DC0076B8DE /* CharacterRowView.swift */,
			);
			path = Characters;
			sourceTree = "<group>";
		};
/* End PBXGroup section */

/* Begin PBXNativeTarget section */
		4EDE4F6A2BDA84ED002F7671 /* RickAndMorty */ = {
			isa = PBXNativeTarget;
			buildConfigurationList = 4EDE4F8F2BDA84EE002F7671 /* Build configuration list for PBXNativeTarget "RickAndMorty" */;
			buildPhases = (
				4EDE4F672BDA84ED002F7671 /* Sources */,
				4EDE4F682BDA84ED002F7671 /* Frameworks */,
				4EDE4F692BDA84ED002F7671 /* Resources */,
			);
			buildRules = (
			);
			dependencies = (
			);
			name = RickAndMorty;
			productName = RickAndMorty;
			productReference = 4EDE4F6B2BDA84ED002F7671 /* RickAndMorty.app */;
			productType = "com.apple.product-type.application";
		};
		4EDE4F7A2BDA84EE002F7671 /* RickAndMortyTests */ = {
			isa = PBXNativeTarget;
			buildConfigurationList = 4EDE4F922BDA84EE002F7671 /* Build configuration list for PBXNativeTarget "RickAndMortyTests" */;
			buildPhases = (
				4EDE4F772BDA84EE002F7671 /* Sources */,
				4EDE4F782BDA84EE002F7671 /* Frameworks */,
				4EDE4F792BDA84EE002F7671 /* Resources */,
			);
			buildRules = (
			);
			dependencies = (
				4EDE4F7D2BDA84EE002F7671 /* PBXTargetDependency */,
			);
			name = RickAndMortyTests;
			productName = RickAndMortyTests;
			productReference = 4EDE4F7B2BDA84EE002F7671 /* RickAndMortyTests.xctest */;
			productType = "com.apple.product-type.bundle.unit-test";
		};
		4EDE4F842BDA84EE002F7671 /* RickAndMortyUITests */ = {
			isa = PBXNativeTarget;
			buildConfigurationList = 4EDE4F952BDA84EE002F7671 /* Build configuration list for PBXNativeTarget "RickAndMortyUITests" */;
			buildPhases = (
				4EDE4F812BDA84EE002F7671 /* Sources */,
				4EDE4F822BDA84EE002F7671 /* Frameworks */,
				4EDE4F832BDA84EE002F7671 /* Resources */,
			);
			buildRules = (
			);
			dependencies = (
				4EDE4F872BDA84EE002F7671 /* PBXTargetDependency */,
			);
			name = RickAndMortyUITests;
			productName = RickAndMortyUITests;
			productReference = 4EDE4F852BDA84EE002F7671 /* RickAndMortyUITests.xctest */;
			productType = "com.apple.product-type.bundle.ui-testing";
		};
/* End PBXNativeTarget section */

/* Begin PBXProject section */
		4EDE4F632BDA84ED002F7671 /* Project object */ = {
			isa = PBXProject;
			attributes = {
				BuildIndependentTargetsInParallel = 1;
				LastSwiftUpdateCheck = 1530;
				LastUpgradeCheck = 1530;
				TargetAttributes = {
					4EDE4F6A2BDA84ED002F7671 = {
						CreatedOnToolsVersion = 15.3;
					};
					4EDE4F7A2BDA84EE002F7671 = {
						CreatedOnToolsVersion = 15.3;
						TestTargetID = 4EDE4F6A2BDA84ED002F7671;
					};
					4EDE4F842BDA84EE002F7671 = {
						CreatedOnToolsVersion = 15.3;
						TestTargetID = 4EDE4F6A2BDA84ED002F7671;
					};
				};
			};
			buildConfigurationList = 4EDE4F662BDA84ED002F7671 /* Build configuration list for PBXProject "RickAndMorty" */;
			compatibilityVersion = "Xcode 14.0";
			developmentRegion = en;
			hasScannedForEncodings = 0;
			knownRegions = (
				en,
				Base,
			);
			mainGroup = 4EDE4F622BDA84ED002F7671;
			productRefGroup = 4EDE4F6C2BDA84ED002F7671 /* Products */;
			projectDirPath = "";
			projectRoot = "";
			targets = (
				4EDE4F6A2BDA84ED002F7671 /* RickAndMorty */,
				4EDE4F7A2BDA84EE002F7671 /* RickAndMortyTests */,
				4EDE4F842BDA84EE002F7671 /* RickAndMortyUITests */,
			);
		};
/* End PBXProject section */

/* Begin PBXResourcesBuildPhase section */
		4EDE4F692BDA84ED002F7671 /* Resources */ = {
			isa = PBXResourcesBuildPhase;
			buildActionMask = 2147483647;
			files = (
				4EDE4F762BDA84EE002F7671 /* Preview Assets.xcassets in Resources */,
				4EDE4F732BDA84EE002F7671 /* Assets.xcassets in Resources */,
				4E8C72352BE3744E0076B8DE /* AllCharacters.json in Resources */,
			);
			runOnlyForDeploymentPostprocessing = 0;
		};
		4EDE4F792BDA84EE002F7671 /* Resources */ = {
			isa = PBXResourcesBuildPhase;
			buildActionMask = 2147483647;
			files = (
			);
			runOnlyForDeploymentPostprocessing = 0;
		};
		4EDE4F832BDA84EE002F7671 /* Resources */ = {
			isa = PBXResourcesBuildPhase;
			buildActionMask = 2147483647;
			files = (
			);
			runOnlyForDeploymentPostprocessing = 0;
		};
/* End PBXResourcesBuildPhase section */

/* Begin PBXSourcesBuildPhase section */
		4EDE4F672BDA84ED002F7671 /* Sources */ = {
			isa = PBXSourcesBuildPhase;
			buildActionMask = 2147483647;
			files = (
				4EDE4F712BDA84ED002F7671 /* ContentView.swift in Sources */,
				4EDE4FA82BDA8F28002F7671 /* RickAndMortyEndpoint.swift in Sources */,
				4EDE4FAE2BDA9946002F7671 /* CharacterListView.swift in Sources */,
				4EDE4F9D2BDA882C002F7671 /* NetworkService.swift in Sources */,
				4EDE4FAA2BDA9764002F7671 /* Characters.swift in Sources */,
				4EDE4FA62BDA8ED9002F7671 /* CharactersEndpoint.swift in Sources */,
				4EDE4F9F2BDA883D002F7671 /* Endpoint.swift in Sources */,
				4EDE4FA22BDA8D6A002F7671 /* RickAndMortyNetworkClient.swift in Sources */,
				4E8C723A2BE37FAA0076B8DE /* EpisodeListView.swift in Sources */,
				4EDE4F6F2BDA84ED002F7671 /* RickAndMortyApp.swift in Sources */,
				4E8C72372BE374A90076B8DE /* DummyCharactersLoader.swift in Sources */,
				4E8C72312BE371DC0076B8DE /* CharacterRowView.swift in Sources */,
			);
			runOnlyForDeploymentPostprocessing = 0;
		};
		4EDE4F772BDA84EE002F7671 /* Sources */ = {
			isa = PBXSourcesBuildPhase;
			buildActionMask = 2147483647;
			files = (
				4EDE4F802BDA84EE002F7671 /* RickAndMortyTests.swift in Sources */,
			);
			runOnlyForDeploymentPostprocessing = 0;
		};
		4EDE4F812BDA84EE002F7671 /* Sources */ = {
			isa = PBXSourcesBuildPhase;
			buildActionMask = 2147483647;
			files = (
				4EDE4F8A2BDA84EE002F7671 /* RickAndMortyUITests.swift in Sources */,
				4EDE4F8C2BDA84EE002F7671 /* RickAndMortyUITestsLaunchTests.swift in Sources */,
			);
			runOnlyForDeploymentPostprocessing = 0;
		};
/* End PBXSourcesBuildPhase section */

/* Begin PBXTargetDependency section */
		4EDE4F7D2BDA84EE002F7671 /* PBXTargetDependency */ = {
			isa = PBXTargetDependency;
			target = 4EDE4F6A2BDA84ED002F7671 /* RickAndMorty */;
			targetProxy = 4EDE4F7C2BDA84EE002F7671 /* PBXContainerItemProxy */;
		};
		4EDE4F872BDA84EE002F7671 /* PBXTargetDependency */ = {
			isa = PBXTargetDependency;
			target = 4EDE4F6A2BDA84ED002F7671 /* RickAndMorty */;
			targetProxy = 4EDE4F862BDA84EE002F7671 /* PBXContainerItemProxy */;
		};
/* End PBXTargetDependency section */

/* Begin XCBuildConfiguration section */
		4EDE4F8D2BDA84EE002F7671 /* Debug */ = {
			isa = XCBuildConfiguration;
			buildSettings = {
				ALWAYS_SEARCH_USER_PATHS = NO;
				ASSETCATALOG_COMPILER_GENERATE_SWIFT_ASSET_SYMBOL_EXTENSIONS = YES;
				CLANG_ANALYZER_NONNULL = YES;
				CLANG_ANALYZER_NUMBER_OBJECT_CONVERSION = YES_AGGRESSIVE;
				CLANG_CXX_LANGUAGE_STANDARD = "gnu++20";
				CLANG_ENABLE_MODULES = YES;
				CLANG_ENABLE_OBJC_ARC = YES;
				CLANG_ENABLE_OBJC_WEAK = YES;
				CLANG_WARN_BLOCK_CAPTURE_AUTORELEASING = YES;
				CLANG_WARN_BOOL_CONVERSION = YES;
				CLANG_WARN_COMMA = YES;
				CLANG_WARN_CONSTANT_CONVERSION = YES;
				CLANG_WARN_DEPRECATED_OBJC_IMPLEMENTATIONS = YES;
				CLANG_WARN_DIRECT_OBJC_ISA_USAGE = YES_ERROR;
				CLANG_WARN_DOCUMENTATION_COMMENTS = YES;
				CLANG_WARN_EMPTY_BODY = YES;
				CLANG_WARN_ENUM_CONVERSION = YES;
				CLANG_WARN_INFINITE_RECURSION = YES;
				CLANG_WARN_INT_CONVERSION = YES;
				CLANG_WARN_NON_LITERAL_NULL_CONVERSION = YES;
				CLANG_WARN_OBJC_IMPLICIT_RETAIN_SELF = YES;
				CLANG_WARN_OBJC_LITERAL_CONVERSION = YES;
				CLANG_WARN_OBJC_ROOT_CLASS = YES_ERROR;
				CLANG_WARN_QUOTED_INCLUDE_IN_FRAMEWORK_HEADER = YES;
				CLANG_WARN_RANGE_LOOP_ANALYSIS = YES;
				CLANG_WARN_STRICT_PROTOTYPES = YES;
				CLANG_WARN_SUSPICIOUS_MOVE = YES;
				CLANG_WARN_UNGUARDED_AVAILABILITY = YES_AGGRESSIVE;
				CLANG_WARN_UNREACHABLE_CODE = YES;
				CLANG_WARN__DUPLICATE_METHOD_MATCH = YES;
				COPY_PHASE_STRIP = NO;
				DEBUG_INFORMATION_FORMAT = dwarf;
				ENABLE_STRICT_OBJC_MSGSEND = YES;
				ENABLE_TESTABILITY = YES;
				ENABLE_USER_SCRIPT_SANDBOXING = YES;
				GCC_C_LANGUAGE_STANDARD = gnu17;
				GCC_DYNAMIC_NO_PIC = NO;
				GCC_NO_COMMON_BLOCKS = YES;
				GCC_OPTIMIZATION_LEVEL = 0;
				GCC_PREPROCESSOR_DEFINITIONS = (
					"DEBUG=1",
					"$(inherited)",
				);
				GCC_WARN_64_TO_32_BIT_CONVERSION = YES;
				GCC_WARN_ABOUT_RETURN_TYPE = YES_ERROR;
				GCC_WARN_UNDECLARED_SELECTOR = YES;
				GCC_WARN_UNINITIALIZED_AUTOS = YES_AGGRESSIVE;
				GCC_WARN_UNUSED_FUNCTION = YES;
				GCC_WARN_UNUSED_VARIABLE = YES;
				IPHONEOS_DEPLOYMENT_TARGET = 17.4;
				LOCALIZATION_PREFERS_STRING_CATALOGS = YES;
				MTL_ENABLE_DEBUG_INFO = INCLUDE_SOURCE;
				MTL_FAST_MATH = YES;
				ONLY_ACTIVE_ARCH = YES;
				SDKROOT = iphoneos;
				SWIFT_ACTIVE_COMPILATION_CONDITIONS = "DEBUG $(inherited)";
				SWIFT_OPTIMIZATION_LEVEL = "-Onone";
			};
			name = Debug;
		};
		4EDE4F8E2BDA84EE002F7671 /* Release */ = {
			isa = XCBuildConfiguration;
			buildSettings = {
				ALWAYS_SEARCH_USER_PATHS = NO;
				ASSETCATALOG_COMPILER_GENERATE_SWIFT_ASSET_SYMBOL_EXTENSIONS = YES;
				CLANG_ANALYZER_NONNULL = YES;
				CLANG_ANALYZER_NUMBER_OBJECT_CONVERSION = YES_AGGRESSIVE;
				CLANG_CXX_LANGUAGE_STANDARD = "gnu++20";
				CLANG_ENABLE_MODULES = YES;
				CLANG_ENABLE_OBJC_ARC = YES;
				CLANG_ENABLE_OBJC_WEAK = YES;
				CLANG_WARN_BLOCK_CAPTURE_AUTORELEASING = YES;
				CLANG_WARN_BOOL_CONVERSION = YES;
				CLANG_WARN_COMMA = YES;
				CLANG_WARN_CONSTANT_CONVERSION = YES;
				CLANG_WARN_DEPRECATED_OBJC_IMPLEMENTATIONS = YES;
				CLANG_WARN_DIRECT_OBJC_ISA_USAGE = YES_ERROR;
				CLANG_WARN_DOCUMENTATION_COMMENTS = YES;
				CLANG_WARN_EMPTY_BODY = YES;
				CLANG_WARN_ENUM_CONVERSION = YES;
				CLANG_WARN_INFINITE_RECURSION = YES;
				CLANG_WARN_INT_CONVERSION = YES;
				CLANG_WARN_NON_LITERAL_NULL_CONVERSION = YES;
				CLANG_WARN_OBJC_IMPLICIT_RETAIN_SELF = YES;
				CLANG_WARN_OBJC_LITERAL_CONVERSION = YES;
				CLANG_WARN_OBJC_ROOT_CLASS = YES_ERROR;
				CLANG_WARN_QUOTED_INCLUDE_IN_FRAMEWORK_HEADER = YES;
				CLANG_WARN_RANGE_LOOP_ANALYSIS = YES;
				CLANG_WARN_STRICT_PROTOTYPES = YES;
				CLANG_WARN_SUSPICIOUS_MOVE = YES;
				CLANG_WARN_UNGUARDED_AVAILABILITY = YES_AGGRESSIVE;
				CLANG_WARN_UNREACHABLE_CODE = YES;
				CLANG_WARN__DUPLICATE_METHOD_MATCH = YES;
				COPY_PHASE_STRIP = NO;
				DEBUG_INFORMATION_FORMAT = "dwarf-with-dsym";
				ENABLE_NS_ASSERTIONS = NO;
				ENABLE_STRICT_OBJC_MSGSEND = YES;
				ENABLE_USER_SCRIPT_SANDBOXING = YES;
				GCC_C_LANGUAGE_STANDARD = gnu17;
				GCC_NO_COMMON_BLOCKS = YES;
				GCC_WARN_64_TO_32_BIT_CONVERSION = YES;
				GCC_WARN_ABOUT_RETURN_TYPE = YES_ERROR;
				GCC_WARN_UNDECLARED_SELECTOR = YES;
				GCC_WARN_UNINITIALIZED_AUTOS = YES_AGGRESSIVE;
				GCC_WARN_UNUSED_FUNCTION = YES;
				GCC_WARN_UNUSED_VARIABLE = YES;
				IPHONEOS_DEPLOYMENT_TARGET = 17.4;
				LOCALIZATION_PREFERS_STRING_CATALOGS = YES;
				MTL_ENABLE_DEBUG_INFO = NO;
				MTL_FAST_MATH = YES;
				SDKROOT = iphoneos;
				SWIFT_COMPILATION_MODE = wholemodule;
				VALIDATE_PRODUCT = YES;
			};
			name = Release;
		};
		4EDE4F902BDA84EE002F7671 /* Debug */ = {
			isa = XCBuildConfiguration;
			buildSettings = {
				ASSETCATALOG_COMPILER_APPICON_NAME = AppIcon;
				ASSETCATALOG_COMPILER_GLOBAL_ACCENT_COLOR_NAME = AccentColor;
				CODE_SIGN_STYLE = Automatic;
				CURRENT_PROJECT_VERSION = 1;
				DEVELOPMENT_ASSET_PATHS = "\"RickAndMorty/Preview Content\"";
				DEVELOPMENT_TEAM = N74TV576H8;
				ENABLE_PREVIEWS = YES;
				GENERATE_INFOPLIST_FILE = YES;
				INFOPLIST_KEY_UIApplicationSceneManifest_Generation = YES;
				INFOPLIST_KEY_UIApplicationSupportsIndirectInputEvents = YES;
				INFOPLIST_KEY_UILaunchScreen_Generation = YES;
				INFOPLIST_KEY_UISupportedInterfaceOrientations_iPad = "UIInterfaceOrientationPortrait UIInterfaceOrientationPortraitUpsideDown UIInterfaceOrientationLandscapeLeft UIInterfaceOrientationLandscapeRight";
				INFOPLIST_KEY_UISupportedInterfaceOrientations_iPhone = "UIInterfaceOrientationPortrait UIInterfaceOrientationLandscapeLeft UIInterfaceOrientationLandscapeRight";
				LD_RUNPATH_SEARCH_PATHS = (
					"$(inherited)",
					"@executable_path/Frameworks",
				);
				MARKETING_VERSION = 1.0;
				PRODUCT_BUNDLE_IDENTIFIER = org.dag.RickAndMorty;
				PRODUCT_NAME = "$(TARGET_NAME)";
				SWIFT_EMIT_LOC_STRINGS = YES;
				SWIFT_VERSION = 5.0;
				TARGETED_DEVICE_FAMILY = "1,2";
			};
			name = Debug;
		};
		4EDE4F912BDA84EE002F7671 /* Release */ = {
			isa = XCBuildConfiguration;
			buildSettings = {
				ASSETCATALOG_COMPILER_APPICON_NAME = AppIcon;
				ASSETCATALOG_COMPILER_GLOBAL_ACCENT_COLOR_NAME = AccentColor;
				CODE_SIGN_STYLE = Automatic;
				CURRENT_PROJECT_VERSION = 1;
				DEVELOPMENT_ASSET_PATHS = "\"RickAndMorty/Preview Content\"";
				DEVELOPMENT_TEAM = N74TV576H8;
				ENABLE_PREVIEWS = YES;
				GENERATE_INFOPLIST_FILE = YES;
				INFOPLIST_KEY_UIApplicationSceneManifest_Generation = YES;
				INFOPLIST_KEY_UIApplicationSupportsIndirectInputEvents = YES;
				INFOPLIST_KEY_UILaunchScreen_Generation = YES;
				INFOPLIST_KEY_UISupportedInterfaceOrientations_iPad = "UIInterfaceOrientationPortrait UIInterfaceOrientationPortraitUpsideDown UIInterfaceOrientationLandscapeLeft UIInterfaceOrientationLandscapeRight";
				INFOPLIST_KEY_UISupportedInterfaceOrientations_iPhone = "UIInterfaceOrientationPortrait UIInterfaceOrientationLandscapeLeft UIInterfaceOrientationLandscapeRight";
				LD_RUNPATH_SEARCH_PATHS = (
					"$(inherited)",
					"@executable_path/Frameworks",
				);
				MARKETING_VERSION = 1.0;
				PRODUCT_BUNDLE_IDENTIFIER = org.dag.RickAndMorty;
				PRODUCT_NAME = "$(TARGET_NAME)";
				SWIFT_EMIT_LOC_STRINGS = YES;
				SWIFT_VERSION = 5.0;
				TARGETED_DEVICE_FAMILY = "1,2";
			};
			name = Release;
		};
		4EDE4F932BDA84EE002F7671 /* Debug */ = {
			isa = XCBuildConfiguration;
			buildSettings = {
				ALWAYS_EMBED_SWIFT_STANDARD_LIBRARIES = YES;
				BUNDLE_LOADER = "$(TEST_HOST)";
				CODE_SIGN_STYLE = Automatic;
				CURRENT_PROJECT_VERSION = 1;
				DEVELOPMENT_TEAM = N74TV576H8;
				GENERATE_INFOPLIST_FILE = YES;
				IPHONEOS_DEPLOYMENT_TARGET = 17.4;
				MARKETING_VERSION = 1.0;
				PRODUCT_BUNDLE_IDENTIFIER = org.dag.RickAndMortyTests;
				PRODUCT_NAME = "$(TARGET_NAME)";
				SWIFT_EMIT_LOC_STRINGS = NO;
				SWIFT_VERSION = 5.0;
				TARGETED_DEVICE_FAMILY = "1,2";
				TEST_HOST = "$(BUILT_PRODUCTS_DIR)/RickAndMorty.app/$(BUNDLE_EXECUTABLE_FOLDER_PATH)/RickAndMorty";
			};
			name = Debug;
		};
		4EDE4F942BDA84EE002F7671 /* Release */ = {
			isa = XCBuildConfiguration;
			buildSettings = {
				ALWAYS_EMBED_SWIFT_STANDARD_LIBRARIES = YES;
				BUNDLE_LOADER = "$(TEST_HOST)";
				CODE_SIGN_STYLE = Automatic;
				CURRENT_PROJECT_VERSION = 1;
				DEVELOPMENT_TEAM = N74TV576H8;
				GENERATE_INFOPLIST_FILE = YES;
				IPHONEOS_DEPLOYMENT_TARGET = 17.4;
				MARKETING_VERSION = 1.0;
				PRODUCT_BUNDLE_IDENTIFIER = org.dag.RickAndMortyTests;
				PRODUCT_NAME = "$(TARGET_NAME)";
				SWIFT_EMIT_LOC_STRINGS = NO;
				SWIFT_VERSION = 5.0;
				TARGETED_DEVICE_FAMILY = "1,2";
				TEST_HOST = "$(BUILT_PRODUCTS_DIR)/RickAndMorty.app/$(BUNDLE_EXECUTABLE_FOLDER_PATH)/RickAndMorty";
			};
			name = Release;
		};
		4EDE4F962BDA84EE002F7671 /* Debug */ = {
			isa = XCBuildConfiguration;
			buildSettings = {
				ALWAYS_EMBED_SWIFT_STANDARD_LIBRARIES = YES;
				CODE_SIGN_STYLE = Automatic;
				CURRENT_PROJECT_VERSION = 1;
				DEVELOPMENT_TEAM = N74TV576H8;
				GENERATE_INFOPLIST_FILE = YES;
				MARKETING_VERSION = 1.0;
				PRODUCT_BUNDLE_IDENTIFIER = org.dag.RickAndMortyUITests;
				PRODUCT_NAME = "$(TARGET_NAME)";
				SWIFT_EMIT_LOC_STRINGS = NO;
				SWIFT_VERSION = 5.0;
				TARGETED_DEVICE_FAMILY = "1,2";
				TEST_TARGET_NAME = RickAndMorty;
			};
			name = Debug;
		};
		4EDE4F972BDA84EE002F7671 /* Release */ = {
			isa = XCBuildConfiguration;
			buildSettings = {
				ALWAYS_EMBED_SWIFT_STANDARD_LIBRARIES = YES;
				CODE_SIGN_STYLE = Automatic;
				CURRENT_PROJECT_VERSION = 1;
				DEVELOPMENT_TEAM = N74TV576H8;
				GENERATE_INFOPLIST_FILE = YES;
				MARKETING_VERSION = 1.0;
				PRODUCT_BUNDLE_IDENTIFIER = org.dag.RickAndMortyUITests;
				PRODUCT_NAME = "$(TARGET_NAME)";
				SWIFT_EMIT_LOC_STRINGS = NO;
				SWIFT_VERSION = 5.0;
				TARGETED_DEVICE_FAMILY = "1,2";
				TEST_TARGET_NAME = RickAndMorty;
			};
			name = Release;
		};
/* End XCBuildConfiguration section */

/* Begin XCConfigurationList section */
		4EDE4F662BDA84ED002F7671 /* Build configuration list for PBXProject "RickAndMorty" */ = {
			isa = XCConfigurationList;
			buildConfigurations = (
				4EDE4F8D2BDA84EE002F7671 /* Debug */,
				4EDE4F8E2BDA84EE002F7671 /* Release */,
			);
			defaultConfigurationIsVisible = 0;
			defaultConfigurationName = Release;
		};
		4EDE4F8F2BDA84EE002F7671 /* Build configuration list for PBXNativeTarget "RickAndMorty" */ = {
			isa = XCConfigurationList;
			buildConfigurations = (
				4EDE4F902BDA84EE002F7671 /* Debug */,
				4EDE4F912BDA84EE002F7671 /* Release */,
			);
			defaultConfigurationIsVisible = 0;
			defaultConfigurationName = Release;
		};
		4EDE4F922BDA84EE002F7671 /* Build configuration list for PBXNativeTarget "RickAndMortyTests" */ = {
			isa = XCConfigurationList;
			buildConfigurations = (
				4EDE4F932BDA84EE002F7671 /* Debug */,
				4EDE4F942BDA84EE002F7671 /* Release */,
			);
			defaultConfigurationIsVisible = 0;
			defaultConfigurationName = Release;
		};
		4EDE4F952BDA84EE002F7671 /* Build configuration list for PBXNativeTarget "RickAndMortyUITests" */ = {
			isa = XCConfigurationList;
			buildConfigurations = (
				4EDE4F962BDA84EE002F7671 /* Debug */,
				4EDE4F972BDA84EE002F7671 /* Release */,
			);
			defaultConfigurationIsVisible = 0;
			defaultConfigurationName = Release;
		};
/* End XCConfigurationList section */
	};
	rootObject = 4EDE4F632BDA84ED002F7671 /* Project object */;
}
